
Microsoft Visual Studio Solution File, Format Version 12.00
# Visual Studio Version 16
VisualStudioVersion = 16.0.28803.202
MinimumVisualStudioVersion = 10.0.40219.1
Project("{FAE04EC0-301F-11D3-BF4B-00C04F79EFBC}") = "Models", "..\Models\Models.csproj", "{68C265D1-FAA7-4370-A659-1EF554C88EC7}"
EndProject
Project("{FAE04EC0-301F-11D3-BF4B-00C04F79EFBC}") = "Metals", "..\Metals\Metals.csproj", "{02443431-E932-4B8A-8BB8-07BC532CFC22}"
EndProject
Project("{FAE04EC0-301F-11D3-BF4B-00C04F79EFBC}") = "GemStones", "..\GemStones\GemStones.csproj", "{EE9612A2-ACA6-4356-88B0-2BA63279CC1A}"
EndProject
Project("{FAE04EC0-301F-11D3-BF4B-00C04F79EFBC}") = "Diamond", "..\Diamond\Diamond.csproj", "{8714568E-9A3A-4DCD-BF91-DE0033E30FAD}"
EndProject
Project("{FAE04EC0-301F-11D3-BF4B-00C04F79EFBC}") = "Pearls", "..\Pearls\Pearls.csproj", "{916AAB31-BE6D-4E06-B08B-203F75F5FFEF}"
EndProject
Project("{FAE04EC0-301F-11D3-BF4B-00C04F79EFBC}") = "ConsolApp", "ConsolApp\ConsolApp.csproj", "{7086897C-7AB0-4412-8945-69F7B4CFBB02}"
EndProject
Project("{FAE04EC0-301F-11D3-BF4B-00C04F79EFBC}") = "NUnitTestsProject", "NUnitTestsProject\NUnitTestsProject.csproj", "{608893CB-DBAF-41A1-977C-0D527F0F82D0}"
EndProject
Global
	GlobalSection(SolutionConfigurationPlatforms) = preSolution
		Debug|Any CPU = Debug|Any CPU
		Release|Any CPU = Release|Any CPU
	EndGlobalSection
	GlobalSection(ProjectConfigurationPlatforms) = postSolution
		{68C265D1-FAA7-4370-A659-1EF554C88EC7}.Debug|Any CPU.ActiveCfg = Debug|Any CPU
		{68C265D1-FAA7-4370-A659-1EF554C88EC7}.Debug|Any CPU.Build.0 = Debug|Any CPU
		{68C265D1-FAA7-4370-A659-1EF554C88EC7}.Release|Any CPU.ActiveCfg = Release|Any CPU
		{68C265D1-FAA7-4370-A659-1EF554C88EC7}.Release|Any CPU.Build.0 = Release|Any CPU
		{02443431-E932-4B8A-8BB8-07BC532CFC22}.Debug|Any CPU.ActiveCfg = Debug|Any CPU
		{02443431-E932-4B8A-8BB8-07BC532CFC22}.Debug|Any CPU.Build.0 = Debug|Any CPU
		{02443431-E932-4B8A-8BB8-07BC532CFC22}.Release|Any CPU.ActiveCfg = Release|Any CPU
		{02443431-E932-4B8A-8BB8-07BC532CFC22}.Release|Any CPU.Build.0 = Release|Any CPU
		{EE9612A2-ACA6-4356-88B0-2BA63279CC1A}.Debug|Any CPU.ActiveCfg = Debug|Any CPU
		{EE9612A2-ACA6-4356-88B0-2BA63279CC1A}.Debug|Any CPU.Build.0 = Debug|Any CPU
		{EE9612A2-ACA6-4356-88B0-2BA63279CC1A}.Release|Any CPU.ActiveCfg = Release|Any CPU
		{EE9612A2-ACA6-4356-88B0-2BA63279CC1A}.Release|Any CPU.Build.0 = Release|Any CPU
		{8714568E-9A3A-4DCD-BF91-DE0033E30FAD}.Debug|Any CPU.ActiveCfg = Debug|Any CPU
		{8714568E-9A3A-4DCD-BF91-DE0033E30FAD}.Debug|Any CPU.Build.0 = Debug|Any CPU
		{8714568E-9A3A-4DCD-BF91-DE0033E30FAD}.Release|Any CPU.ActiveCfg = Release|Any CPU
		{8714568E-9A3A-4DCD-BF91-DE0033E30FAD}.Release|Any CPU.Build.0 = Release|Any CPU
		{916AAB31-BE6D-4E06-B08B-203F75F5FFEF}.Debug|Any CPU.ActiveCfg = Debug|Any CPU
		{916AAB31-BE6D-4E06-B08B-203F75F5FFEF}.Debug|Any CPU.Build.0 = Debug|Any CPU
		{916AAB31-BE6D-4E06-B08B-203F75F5FFEF}.Release|Any CPU.ActiveCfg = Release|Any CPU
		{916AAB31-BE6D-4E06-B08B-203F75F5FFEF}.Release|Any CPU.Build.0 = Release|Any CPU
		{7086897C-7AB0-4412-8945-69F7B4CFBB02}.Debug|Any CPU.ActiveCfg = Debug|Any CPU
		{7086897C-7AB0-4412-8945-69F7B4CFBB02}.Debug|Any CPU.Build.0 = Debug|Any CPU
		{7086897C-7AB0-4412-8945-69F7B4CFBB02}.Release|Any CPU.ActiveCfg = Release|Any CPU
		{7086897C-7AB0-4412-8945-69F7B4CFBB02}.Release|Any CPU.Build.0 = Release|Any CPU
		{608893CB-DBAF-41A1-977C-0D527F0F82D0}.Debug|Any CPU.ActiveCfg = Debug|Any CPU
		{608893CB-DBAF-41A1-977C-0D527F0F82D0}.Debug|Any CPU.Build.0 = Debug|Any CPU
		{608893CB-DBAF-41A1-977C-0D527F0F82D0}.Release|Any CPU.ActiveCfg = Release|Any CPU
		{608893CB-DBAF-41A1-977C-0D527F0F82D0}.Release|Any CPU.Build.0 = Release|Any CPU
	EndGlobalSection
	GlobalSection(SolutionProperties) = preSolution
		HideSolutionNode = FALSE
	EndGlobalSection
	GlobalSection(ExtensibilityGlobals) = postSolution
		SolutionGuid = {D56A8980-662F-4801-920B-54FE7F78FABB}
	EndGlobalSection
EndGlobal
